
Microsoft Visual Studio Solution File, Format Version 12.00
# Visual Studio Version 16
VisualStudioVersion = 16.0.30503.244
MinimumVisualStudioVersion = 10.0.40219.1
Project("{FAE04EC0-301F-11D3-BF4B-00C04F79EFBC}") = "local-nuget-package", "local-nuget-package\local-nuget-package.csproj", "{1E27DD33-ED4C-427E-A26B-C402DCC1BE42}"
EndProject
Global
	GlobalSection(SolutionConfigurationPlatforms) = preSolution
		Debug|Any CPU = Debug|Any CPU
		Release|Any CPU = Release|Any CPU
	EndGlobalSection
	GlobalSection(ProjectConfigurationPlatforms) = postSolution
		{1E27DD33-ED4C-427E-A26B-C402DCC1BE42}.Debug|Any CPU.ActiveCfg = Debug|Any CPU
		{1E27DD33-ED4C-427E-A26B-C402DCC1BE42}.Debug|Any CPU.Build.0 = Debug|Any CPU
		{1E27DD33-ED4C-427E-A26B-C402DCC1BE42}.Release|Any CPU.ActiveCfg = Release|Any CPU
		{1E27DD33-ED4C-427E-A26B-C402DCC1BE42}.Release|Any CPU.Build.0 = Release|Any CPU
	EndGlobalSection
	GlobalSection(SolutionProperties) = preSolution
		HideSolutionNode = FALSE
	EndGlobalSection
	GlobalSection(ExtensibilityGlobals) = postSolution
		SolutionGuid = {C497D2D0-BBFE-411B-9D8C-7F55D36BC804}
	EndGlobalSection
EndGlobal
